{
  "requires": true,
  "lockfileVersion": 1,
  "dependencies": {
    "@clr/icons": {
      "version": "5.0.1",
      "resolved": "https://registry.npmjs.org/@clr/icons/-/icons-5.0.1.tgz",
      "integrity": "sha512-NNYl4Umlp5fRGlE1tJSlNjEI3nW8DYKUGL7Uc9vPmSG+oTsI4NVOM+tz4hiD65gw4PeAceUvUd7YI2/m8Epp8g=="
    }
  }
}
