{
  "requires": true,
  "lockfileVersion": 1,
  "dependencies": {
    "@clr/icons": {
      "version": "4.0.9",
      "resolved": "https://registry.npmjs.org/@clr/icons/-/icons-4.0.9.tgz",
      "integrity": "sha512-YDyNwmPsdiw78fdVcPtk8LTqsiO1saVmMaNapSiyfLBmSRJ7hYoWNko1EQKKPxEAlcLEIKLgb53PWOz/lLFvwg=="
    }
  }
}
